<Solution>
  <Folder Name="/src/">
    <Project Path="src/LendingSystem.Infrastructure/LendingSystem.Infrastructure.csproj" />
    <Project Path="src/LendingSystem.WebApi/LendingSystem.WebApi.csproj" />
  </Folder>
  <Folder Name="/src/Module/" />
  <Folder Name="/src/Module/Auth/">
    <Project Path="src/LendingSystem.Auth.ACL/LendingSystem.Auth.ACL.csproj" />
    <Project Path="src/LendingSystem.Auth.Application/LendingSystem.Auth.Application.csproj" />
    <Project Path="src/LendingSystem.Auth.Domain/LendingSystem.Auth.Domain.csproj" />
    <Project Path="src/LendingSystem.Auth.Infrastructure/LendingSystem.Auth.Infrastructure.csproj" />
  </Folder>
  <Folder Name="/src/Module/Lending/">
    <Project Path="src/LendingSystem.Lending.Application/LendingSystem.Lending.Application.csproj" />
    <Project Path="src/LendingSystem.Lending.Domain/LendingSystem.Lending.Domain.csproj" />
    <Project Path="src/LendingSystem.Lending.Infrastructure/LendingSystem.Lending.Infrastructure.csproj" />
  </Folder>
  <Folder Name="/src/Module/SharedKernel/">
    <Project Path="src/LendingSystem.SharedKernel.Application/LendingSystem.SharedKernel.Application.csproj" />
    <Project Path="src/LendingSystem.SharedKernel.Domain/LendingSystem.SharedKernel.Domain.csproj" />
    <Project Path="src/LendingSystem.SharedKernel.Infrastructure/LendingSystem.SharedKernel.Infrastructure.csproj" />
  </Folder>
  <Folder Name="/tests/" />
  <Folder Name="/tests/Integration/">
    <Project Path="tests/LendingSystem.IntegrationTest.Framework/LendingSystem.IntegrationTest.Framework.csproj" />
    <Project Path="tests\LendingSystem.IntegrationTest.Module\LendingSystem.IntegrationTest.Module.csproj" />
  </Folder>
</Solution>
